// !$*UTF8*$!
{
	archiveVersion = 1;
	classes = {
	};
	objectVersion = 46;
	objects = {

/* Begin PBXBuildFile section */
		04884A931BD8DD2C00E0CB20 /* MoreSettingViewController.m in Sources */ = {isa = PBXBuildFile; fileRef = 04884A921BD8DD2C00E0CB20 /* MoreSettingViewController.m */; };
		04C4B87C1BC64C17001E5ADC /* main.m in Sources */ = {isa = PBXBuildFile; fileRef = 04C4B87B1BC64C17001E5ADC /* main.m */; };
		04C4B87F1BC64C17001E5ADC /* AppDelegate.m in Sources */ = {isa = PBXBuildFile; fileRef = 04C4B87E1BC64C17001E5ADC /* AppDelegate.m */; };
		04C4B8821BC64C17001E5ADC /* FirstViewController.m in Sources */ = {isa = PBXBuildFile; fileRef = 04C4B8811BC64C17001E5ADC /* FirstViewController.m */; };
		04C4B8851BC64C17001E5ADC /* SecondViewController.m in Sources */ = {isa = PBXBuildFile; fileRef = 04C4B8841BC64C17001E5ADC /* SecondViewController.m */; };
		04C4B8881BC64C17001E5ADC /* Main.storyboard in Resources */ = {isa = PBXBuildFile; fileRef = 04C4B8861BC64C17001E5ADC /* Main.storyboard */; };
		04C4B88A1BC64C17001E5ADC /* Images.xcassets in Resources */ = {isa = PBXBuildFile; fileRef = 04C4B8891BC64C17001E5ADC /* Images.xcassets */; };
		04C4B88D1BC64C17001E5ADC /* LaunchScreen.xib in Resources */ = {isa = PBXBuildFile; fileRef = 04C4B88B1BC64C17001E5ADC /* LaunchScreen.xib */; };
		04C4B8991BC64C17001E5ADC /* shexunTests.m in Sources */ = {isa = PBXBuildFile; fileRef = 04C4B8981BC64C17001E5ADC /* shexunTests.m */; };
		04C4B8A41BC653EB001E5ADC /* LoginViewController.m in Sources */ = {isa = PBXBuildFile; fileRef = 04C4B8A31BC653EB001E5ADC /* LoginViewController.m */; };
		04C54F7E1BDE1BDD005933B5 /* NearViewController.m in Sources */ = {isa = PBXBuildFile; fileRef = 04C54F7D1BDE1BDD005933B5 /* NearViewController.m */; };
		04C5798F1BE36AE100C02F53 /* CitylistViewController.m in Sources */ = {isa = PBXBuildFile; fileRef = 04C5798E1BE36AE100C02F53 /* CitylistViewController.m */; };
		04C584A41BE9AED600C9549A /* CompanyServiceCell.m in Sources */ = {isa = PBXBuildFile; fileRef = 04C584A21BE9AED600C9549A /* CompanyServiceCell.m */; };
		04C5FE671BE8988800588248 /* UIIndexCollectionCell.m in Sources */ = {isa = PBXBuildFile; fileRef = 04C5FE661BE8988800588248 /* UIIndexCollectionCell.m */; };
		04C5FE6A1BE8A97D00588248 /* NewsDetailViewController.m in Sources */ = {isa = PBXBuildFile; fileRef = 04C5FE691BE8A97D00588248 /* NewsDetailViewController.m */; };
		04C6B5EC1BF0984C00C63C34 /* HTKSampleTableViewCell.m in Sources */ = {isa = PBXBuildFile; fileRef = 04C6B5EB1BF0984C00C63C34 /* HTKSampleTableViewCell.m */; };
		04C6B5F01BF0986200C63C34 /* HTKDynamicResizingTableViewCell.m in Sources */ = {isa = PBXBuildFile; fileRef = 04C6B5EF1BF0986200C63C34 /* HTKDynamicResizingTableViewCell.m */; };
		04C9CF421BEC6BD70095EA9B /* NewslistViewController.m in Sources */ = {isa = PBXBuildFile; fileRef = 04C9CF411BEC6BD70095EA9B /* NewslistViewController.m */; };
		04C9CF451BEC7B2D0095EA9B /* UINewsTableViewCell.m in Sources */ = {isa = PBXBuildFile; fileRef = 04C9CF441BEC7B2D0095EA9B /* UINewsTableViewCell.m */; };
		04C9CF481BEC91F20095EA9B /* CommunityViewController.m in Sources */ = {isa = PBXBuildFile; fileRef = 04C9CF471BEC91F20095EA9B /* CommunityViewController.m */; };
		04C9CF4B1BEC95B50095EA9B /* CompanyCardView.m in Sources */ = {isa = PBXBuildFile; fileRef = 04C9CF4A1BEC95B50095EA9B /* CompanyCardView.m */; };
		04C9CF4D1BEC95F30095EA9B /* CompanyCardView.xib in Resources */ = {isa = PBXBuildFile; fileRef = 04C9CF4C1BEC95F30095EA9B /* CompanyCardView.xib */; };
		04CAD4961BCF99FC00A7C1E4 /* FXForms.m in Sources */ = {isa = PBXBuildFile; fileRef = 04CAD4951BCF99FC00A7C1E4 /* FXForms.m */; };
		04CAD4991BCF9AFA00A7C1E4 /* RegistationViewController.m in Sources */ = {isa = PBXBuildFile; fileRef = 04CAD4981BCF9AFA00A7C1E4 /* RegistationViewController.m */; };
		04CAD49C1BCFA0FD00A7C1E4 /* RegistrationForm.m in Sources */ = {isa = PBXBuildFile; fileRef = 04CAD49B1BCFA0FD00A7C1E4 /* RegistrationForm.m */; };
		04D0E5C01BD7345300C9F39E /* FogetPasswordViewController.m in Sources */ = {isa = PBXBuildFile; fileRef = 04D0E5BF1BD7345300C9F39E /* FogetPasswordViewController.m */; };
		04D0E5C31BD76A2900C9F39E /* ForgetPasswordForm.m in Sources */ = {isa = PBXBuildFile; fileRef = 04D0E5C21BD76A2900C9F39E /* ForgetPasswordForm.m */; };
		04D11B451BE0BE5200C22396 /* UICompanyTableCell.m in Sources */ = {isa = PBXBuildFile; fileRef = 04D11B441BE0BE5100C22396 /* UICompanyTableCell.m */; };
		04D258471BE21855006631E3 /* UIIndexCollectionHeadView.m in Sources */ = {isa = PBXBuildFile; fileRef = 04D258461BE21855006631E3 /* UIIndexCollectionHeadView.m */; };
		04D2584E1BE21E3A006631E3 /* Localizable.strings in Resources */ = {isa = PBXBuildFile; fileRef = 04D258501BE21E3A006631E3 /* Localizable.strings */; };
		04D2A71B1BCCB1EE00E1BE12 /* AFUtil.m in Sources */ = {isa = PBXBuildFile; fileRef = 04D2A71A1BCCB1EE00E1BE12 /* AFUtil.m */; };
		04D2A71E1BCCFB9B00E1BE12 /* RESideMenuViewController.m in Sources */ = {isa = PBXBuildFile; fileRef = 04D2A71D1BCCFB9B00E1BE12 /* RESideMenuViewController.m */; };
		04D2A7211BCCFDB700E1BE12 /* LeftMenuViewController.m in Sources */ = {isa = PBXBuildFile; fileRef = 04D2A7201BCCFDB700E1BE12 /* LeftMenuViewController.m */; };
		04D2E8F61BD4E90C00721EDD /* CTCheckbox.m in Sources */ = {isa = PBXBuildFile; fileRef = 04D2E8F51BD4E90C00721EDD /* CTCheckbox.m */; };
		04D8D0751BDA13C1006CF690 /* DOPDropDownMenu.m in Sources */ = {isa = PBXBuildFile; fileRef = 04D8D0741BDA13C1006CF690 /* DOPDropDownMenu.m */; };
		04E48D571BF1D06300F635DB /* CommonListViewController.m in Sources */ = {isa = PBXBuildFile; fileRef = 04E48D561BF1D06300F635DB /* CommonListViewController.m */; };
		37064BAE1BF22B2A004D3CE6 /* CompanyActivityTableViewCell.m in Sources */ = {isa = PBXBuildFile; fileRef = 37064BAC1BF22B2A004D3CE6 /* CompanyActivityTableViewCell.m */; };
		37064BAF1BF22B2A004D3CE6 /* CompanyActivityTableViewCell.xib in Resources */ = {isa = PBXBuildFile; fileRef = 37064BAD1BF22B2A004D3CE6 /* CompanyActivityTableViewCell.xib */; };
		37116A431BEF420000A87D41 /* CompanyActivityView.m in Sources */ = {isa = PBXBuildFile; fileRef = 37116A421BEF420000A87D41 /* CompanyActivityView.m */; };
		37116A451BEF438400A87D41 /* CompanyActivityView.xib in Resources */ = {isa = PBXBuildFile; fileRef = 37116A441BEF438400A87D41 /* CompanyActivityView.xib */; };
		379BD2E41BE8F8DA00064192 /* CompanyViewController.m in Sources */ = {isa = PBXBuildFile; fileRef = 379BD2E31BE8F8DA00064192 /* CompanyViewController.m */; };
		5571792D93DE0B7656D98478 /* libPods.a in Frameworks */ = {isa = PBXBuildFile; fileRef = FDAF7660015B6C2465F28B87 /* libPods.a */; };
/* End PBXBuildFile section */

/* Begin PBXContainerItemProxy section */
		04C4B8931BC64C17001E5ADC /* PBXContainerItemProxy */ = {
			isa = PBXContainerItemProxy;
			containerPortal = 04C4B86E1BC64C17001E5ADC /* Project object */;
			proxyType = 1;
			remoteGlobalIDString = 04C4B8751BC64C17001E5ADC;
			remoteInfo = shexun;
		};
/* End PBXContainerItemProxy section */

/* Begin PBXFileReference section */
		04884A911BD8DD2C00E0CB20 /* MoreSettingViewController.h */ = {isa = PBXFileReference; fileEncoding = 4; lastKnownFileType = sourcecode.c.h; path = MoreSettingViewController.h; sourceTree = "<group>"; };
		04884A921BD8DD2C00E0CB20 /* MoreSettingViewController.m */ = {isa = PBXFileReference; fileEncoding = 4; lastKnownFileType = sourcecode.c.objc; path = MoreSettingViewController.m; sourceTree = "<group>"; };
		04C4B8761BC64C17001E5ADC /* shexun.app */ = {isa = PBXFileReference; explicitFileType = wrapper.application; includeInIndex = 0; path = shexun.app; sourceTree = BUILT_PRODUCTS_DIR; };
		04C4B87A1BC64C17001E5ADC /* Info.plist */ = {isa = PBXFileReference; lastKnownFileType = text.plist.xml; path = Info.plist; sourceTree = "<group>"; };
		04C4B87B1BC64C17001E5ADC /* main.m */ = {isa = PBXFileReference; lastKnownFileType = sourcecode.c.objc; path = main.m; sourceTree = "<group>"; };
		04C4B87D1BC64C17001E5ADC /* AppDelegate.h */ = {isa = PBXFileReference; lastKnownFileType = sourcecode.c.h; path = AppDelegate.h; sourceTree = "<group>"; };
		04C4B87E1BC64C17001E5ADC /* AppDelegate.m */ = {isa = PBXFileReference; lastKnownFileType = sourcecode.c.objc; path = AppDelegate.m; sourceTree = "<group>"; };
		04C4B8801BC64C17001E5ADC /* FirstViewController.h */ = {isa = PBXFileReference; lastKnownFileType = sourcecode.c.h; path = FirstViewController.h; sourceTree = "<group>"; };
		04C4B8811BC64C17001E5ADC /* FirstViewController.m */ = {isa = PBXFileReference; lastKnownFileType = sourcecode.c.objc; path = FirstViewController.m; sourceTree = "<group>"; };
		04C4B8831BC64C17001E5ADC /* SecondViewController.h */ = {isa = PBXFileReference; lastKnownFileType = sourcecode.c.h; path = SecondViewController.h; sourceTree = "<group>"; };
		04C4B8841BC64C17001E5ADC /* SecondViewController.m */ = {isa = PBXFileReference; lastKnownFileType = sourcecode.c.objc; path = SecondViewController.m; sourceTree = "<group>"; };
		04C4B8871BC64C17001E5ADC /* Base */ = {isa = PBXFileReference; lastKnownFileType = file.storyboard; name = Base; path = Base.lproj/Main.storyboard; sourceTree = "<group>"; };
		04C4B8891BC64C17001E5ADC /* Images.xcassets */ = {isa = PBXFileReference; lastKnownFileType = folder.assetcatalog; path = Images.xcassets; sourceTree = "<group>"; };
		04C4B88C1BC64C17001E5ADC /* Base */ = {isa = PBXFileReference; lastKnownFileType = file.xib; name = Base; path = Base.lproj/LaunchScreen.xib; sourceTree = "<group>"; };
		04C4B8921BC64C17001E5ADC /* shexunTests.xctest */ = {isa = PBXFileReference; explicitFileType = wrapper.cfbundle; includeInIndex = 0; path = shexunTests.xctest; sourceTree = BUILT_PRODUCTS_DIR; };
		04C4B8971BC64C17001E5ADC /* Info.plist */ = {isa = PBXFileReference; lastKnownFileType = text.plist.xml; path = Info.plist; sourceTree = "<group>"; };
		04C4B8981BC64C17001E5ADC /* shexunTests.m */ = {isa = PBXFileReference; lastKnownFileType = sourcecode.c.objc; path = shexunTests.m; sourceTree = "<group>"; };
		04C4B8A21BC653EB001E5ADC /* LoginViewController.h */ = {isa = PBXFileReference; fileEncoding = 4; lastKnownFileType = sourcecode.c.h; path = LoginViewController.h; sourceTree = "<group>"; };
		04C4B8A31BC653EB001E5ADC /* LoginViewController.m */ = {isa = PBXFileReference; fileEncoding = 4; lastKnownFileType = sourcecode.c.objc; path = LoginViewController.m; sourceTree = "<group>"; };
		04C54F7C1BDE1BDD005933B5 /* NearViewController.h */ = {isa = PBXFileReference; fileEncoding = 4; lastKnownFileType = sourcecode.c.h; path = NearViewController.h; sourceTree = "<group>"; };
		04C54F7D1BDE1BDD005933B5 /* NearViewController.m */ = {isa = PBXFileReference; fileEncoding = 4; lastKnownFileType = sourcecode.c.objc; path = NearViewController.m; sourceTree = "<group>"; };
		04C579891BE360CE00C02F53 /* Pinyin.h */ = {isa = PBXFileReference; lastKnownFileType = sourcecode.c.h; path = Pinyin.h; sourceTree = "<group>"; };
		04C5798D1BE36AE100C02F53 /* CitylistViewController.h */ = {isa = PBXFileReference; fileEncoding = 4; lastKnownFileType = sourcecode.c.h; path = CitylistViewController.h; sourceTree = "<group>"; };
		04C5798E1BE36AE100C02F53 /* CitylistViewController.m */ = {isa = PBXFileReference; fileEncoding = 4; lastKnownFileType = sourcecode.c.objc; path = CitylistViewController.m; sourceTree = "<group>"; };
		04C584A11BE9AED600C9549A /* CompanyServiceCell.h */ = {isa = PBXFileReference; fileEncoding = 4; lastKnownFileType = sourcecode.c.h; path = CompanyServiceCell.h; sourceTree = "<group>"; };
		04C584A21BE9AED600C9549A /* CompanyServiceCell.m */ = {isa = PBXFileReference; fileEncoding = 4; lastKnownFileType = sourcecode.c.objc; path = CompanyServiceCell.m; sourceTree = "<group>"; };
		04C5FE651BE8988800588248 /* UIIndexCollectionCell.h */ = {isa = PBXFileReference; fileEncoding = 4; lastKnownFileType = sourcecode.c.h; path = UIIndexCollectionCell.h; sourceTree = "<group>"; };
		04C5FE661BE8988800588248 /* UIIndexCollectionCell.m */ = {isa = PBXFileReference; fileEncoding = 4; lastKnownFileType = sourcecode.c.objc; path = UIIndexCollectionCell.m; sourceTree = "<group>"; };
		04C5FE681BE8A97D00588248 /* NewsDetailViewController.h */ = {isa = PBXFileReference; fileEncoding = 4; lastKnownFileType = sourcecode.c.h; path = NewsDetailViewController.h; sourceTree = "<group>"; };
		04C5FE691BE8A97D00588248 /* NewsDetailViewController.m */ = {isa = PBXFileReference; fileEncoding = 4; lastKnownFileType = sourcecode.c.objc; path = NewsDetailViewController.m; sourceTree = "<group>"; };
		04C6B5EA1BF0984C00C63C34 /* HTKSampleTableViewCell.h */ = {isa = PBXFileReference; fileEncoding = 4; lastKnownFileType = sourcecode.c.h; path = HTKSampleTableViewCell.h; sourceTree = "<group>"; };
		04C6B5EB1BF0984C00C63C34 /* HTKSampleTableViewCell.m */ = {isa = PBXFileReference; fileEncoding = 4; lastKnownFileType = sourcecode.c.objc; path = HTKSampleTableViewCell.m; sourceTree = "<group>"; };
		04C6B5ED1BF0986200C63C34 /* HTKDynamicResizingCellProtocol.h */ = {isa = PBXFileReference; fileEncoding = 4; lastKnownFileType = sourcecode.c.h; path = HTKDynamicResizingCellProtocol.h; sourceTree = "<group>"; };
		04C6B5EE1BF0986200C63C34 /* HTKDynamicResizingTableViewCell.h */ = {isa = PBXFileReference; fileEncoding = 4; lastKnownFileType = sourcecode.c.h; path = HTKDynamicResizingTableViewCell.h; sourceTree = "<group>"; };
		04C6B5EF1BF0986200C63C34 /* HTKDynamicResizingTableViewCell.m */ = {isa = PBXFileReference; fileEncoding = 4; lastKnownFileType = sourcecode.c.objc; path = HTKDynamicResizingTableViewCell.m; sourceTree = "<group>"; };
		04C9CF401BEC6BD70095EA9B /* NewslistViewController.h */ = {isa = PBXFileReference; fileEncoding = 4; lastKnownFileType = sourcecode.c.h; path = NewslistViewController.h; sourceTree = "<group>"; };
		04C9CF411BEC6BD70095EA9B /* NewslistViewController.m */ = {isa = PBXFileReference; fileEncoding = 4; lastKnownFileType = sourcecode.c.objc; path = NewslistViewController.m; sourceTree = "<group>"; };
		04C9CF431BEC7B2D0095EA9B /* UINewsTableViewCell.h */ = {isa = PBXFileReference; fileEncoding = 4; lastKnownFileType = sourcecode.c.h; path = UINewsTableViewCell.h; sourceTree = "<group>"; };
		04C9CF441BEC7B2D0095EA9B /* UINewsTableViewCell.m */ = {isa = PBXFileReference; fileEncoding = 4; lastKnownFileType = sourcecode.c.objc; path = UINewsTableViewCell.m; sourceTree = "<group>"; };
		04C9CF461BEC91F20095EA9B /* CommunityViewController.h */ = {isa = PBXFileReference; fileEncoding = 4; lastKnownFileType = sourcecode.c.h; path = CommunityViewController.h; sourceTree = "<group>"; };
		04C9CF471BEC91F20095EA9B /* CommunityViewController.m */ = {isa = PBXFileReference; fileEncoding = 4; lastKnownFileType = sourcecode.c.objc; path = CommunityViewController.m; sourceTree = "<group>"; };
		04C9CF491BEC95B50095EA9B /* CompanyCardView.h */ = {isa = PBXFileReference; fileEncoding = 4; lastKnownFileType = sourcecode.c.h; path = CompanyCardView.h; sourceTree = "<group>"; };
		04C9CF4A1BEC95B50095EA9B /* CompanyCardView.m */ = {isa = PBXFileReference; fileEncoding = 4; lastKnownFileType = sourcecode.c.objc; path = CompanyCardView.m; sourceTree = "<group>"; };
		04C9CF4C1BEC95F30095EA9B /* CompanyCardView.xib */ = {isa = PBXFileReference; fileEncoding = 4; lastKnownFileType = file.xib; path = CompanyCardView.xib; sourceTree = "<group>"; };
		04CAD4941BCF99FC00A7C1E4 /* FXForms.h */ = {isa = PBXFileReference; fileEncoding = 4; lastKnownFileType = sourcecode.c.h; path = FXForms.h; sourceTree = "<group>"; };
		04CAD4951BCF99FC00A7C1E4 /* FXForms.m */ = {isa = PBXFileReference; fileEncoding = 4; lastKnownFileType = sourcecode.c.objc; path = FXForms.m; sourceTree = "<group>"; };
		04CAD4971BCF9AFA00A7C1E4 /* RegistationViewController.h */ = {isa = PBXFileReference; fileEncoding = 4; lastKnownFileType = sourcecode.c.h; path = RegistationViewController.h; sourceTree = "<group>"; };
		04CAD4981BCF9AFA00A7C1E4 /* RegistationViewController.m */ = {isa = PBXFileReference; fileEncoding = 4; lastKnownFileType = sourcecode.c.objc; path = RegistationViewController.m; sourceTree = "<group>"; };
		04CAD49A1BCFA0FD00A7C1E4 /* RegistrationForm.h */ = {isa = PBXFileReference; fileEncoding = 4; lastKnownFileType = sourcecode.c.h; path = RegistrationForm.h; sourceTree = "<group>"; };
		04CAD49B1BCFA0FD00A7C1E4 /* RegistrationForm.m */ = {isa = PBXFileReference; fileEncoding = 4; lastKnownFileType = sourcecode.c.objc; path = RegistrationForm.m; sourceTree = "<group>"; };
		04D0E5BE1BD7345300C9F39E /* FogetPasswordViewController.h */ = {isa = PBXFileReference; fileEncoding = 4; lastKnownFileType = sourcecode.c.h; path = FogetPasswordViewController.h; sourceTree = "<group>"; };
		04D0E5BF1BD7345300C9F39E /* FogetPasswordViewController.m */ = {isa = PBXFileReference; fileEncoding = 4; lastKnownFileType = sourcecode.c.objc; path = FogetPasswordViewController.m; sourceTree = "<group>"; };
		04D0E5C11BD76A2900C9F39E /* ForgetPasswordForm.h */ = {isa = PBXFileReference; fileEncoding = 4; lastKnownFileType = sourcecode.c.h; path = ForgetPasswordForm.h; sourceTree = "<group>"; };
		04D0E5C21BD76A2900C9F39E /* ForgetPasswordForm.m */ = {isa = PBXFileReference; fileEncoding = 4; lastKnownFileType = sourcecode.c.objc; path = ForgetPasswordForm.m; sourceTree = "<group>"; };
		04D11B431BE0BE5100C22396 /* UICompanyTableCell.h */ = {isa = PBXFileReference; fileEncoding = 4; lastKnownFileType = sourcecode.c.h; path = UICompanyTableCell.h; sourceTree = "<group>"; };
		04D11B441BE0BE5100C22396 /* UICompanyTableCell.m */ = {isa = PBXFileReference; fileEncoding = 4; lastKnownFileType = sourcecode.c.objc; path = UICompanyTableCell.m; sourceTree = "<group>"; };
		04D258451BE21855006631E3 /* UIIndexCollectionHeadView.h */ = {isa = PBXFileReference; fileEncoding = 4; lastKnownFileType = sourcecode.c.h; path = UIIndexCollectionHeadView.h; sourceTree = "<group>"; };
		04D258461BE21855006631E3 /* UIIndexCollectionHeadView.m */ = {isa = PBXFileReference; fileEncoding = 4; lastKnownFileType = sourcecode.c.objc; path = UIIndexCollectionHeadView.m; sourceTree = "<group>"; };
		04D258491BE21C73006631E3 /* en */ = {isa = PBXFileReference; lastKnownFileType = text.plist.strings; name = en; path = en.lproj/Main.strings; sourceTree = "<group>"; };
		04D2584F1BE21E3A006631E3 /* Base */ = {isa = PBXFileReference; lastKnownFileType = text.plist.strings; name = Base; path = Base.lproj/Localizable.strings; sourceTree = "<group>"; };
		04D2A7191BCCB1EE00E1BE12 /* AFUtil.h */ = {isa = PBXFileReference; fileEncoding = 4; lastKnownFileType = sourcecode.c.h; path = AFUtil.h; sourceTree = "<group>"; };
		04D2A71A1BCCB1EE00E1BE12 /* AFUtil.m */ = {isa = PBXFileReference; fileEncoding = 4; lastKnownFileType = sourcecode.c.objc; path = AFUtil.m; sourceTree = "<group>"; };
		04D2A71C1BCCFB9B00E1BE12 /* RESideMenuViewController.h */ = {isa = PBXFileReference; fileEncoding = 4; lastKnownFileType = sourcecode.c.h; path = RESideMenuViewController.h; sourceTree = "<group>"; };
		04D2A71D1BCCFB9B00E1BE12 /* RESideMenuViewController.m */ = {isa = PBXFileReference; fileEncoding = 4; lastKnownFileType = sourcecode.c.objc; path = RESideMenuViewController.m; sourceTree = "<group>"; };
		04D2A71F1BCCFDB700E1BE12 /* LeftMenuViewController.h */ = {isa = PBXFileReference; fileEncoding = 4; lastKnownFileType = sourcecode.c.h; path = LeftMenuViewController.h; sourceTree = "<group>"; };
		04D2A7201BCCFDB700E1BE12 /* LeftMenuViewController.m */ = {isa = PBXFileReference; fileEncoding = 4; lastKnownFileType = sourcecode.c.objc; path = LeftMenuViewController.m; sourceTree = "<group>"; };
		04D2E8F31BD4E90C00721EDD /* CTCheckbox-Prefix.pch */ = {isa = PBXFileReference; fileEncoding = 4; lastKnownFileType = sourcecode.c.h; path = "CTCheckbox-Prefix.pch"; sourceTree = "<group>"; };
		04D2E8F41BD4E90C00721EDD /* CTCheckbox.h */ = {isa = PBXFileReference; fileEncoding = 4; lastKnownFileType = sourcecode.c.h; path = CTCheckbox.h; sourceTree = "<group>"; };
		04D2E8F51BD4E90C00721EDD /* CTCheckbox.m */ = {isa = PBXFileReference; fileEncoding = 4; lastKnownFileType = sourcecode.c.objc; path = CTCheckbox.m; sourceTree = "<group>"; };
		04D8D0731BDA13C1006CF690 /* DOPDropDownMenu.h */ = {isa = PBXFileReference; fileEncoding = 4; lastKnownFileType = sourcecode.c.h; path = DOPDropDownMenu.h; sourceTree = "<group>"; };
		04D8D0741BDA13C1006CF690 /* DOPDropDownMenu.m */ = {isa = PBXFileReference; fileEncoding = 4; lastKnownFileType = sourcecode.c.objc; path = DOPDropDownMenu.m; sourceTree = "<group>"; };
		04D964B11BCB83380018935A /* ServerAPI.h */ = {isa = PBXFileReference; lastKnownFileType = sourcecode.c.h; path = ServerAPI.h; sourceTree = "<group>"; };
		04E48D551BF1D06300F635DB /* CommonListViewController.h */ = {isa = PBXFileReference; fileEncoding = 4; lastKnownFileType = sourcecode.c.h; path = CommonListViewController.h; sourceTree = "<group>"; };
		04E48D561BF1D06300F635DB /* CommonListViewController.m */ = {isa = PBXFileReference; fileEncoding = 4; lastKnownFileType = sourcecode.c.objc; path = CommonListViewController.m; sourceTree = "<group>"; };
		37064BAB1BF22B2A004D3CE6 /* CompanyActivityTableViewCell.h */ = {isa = PBXFileReference; fileEncoding = 4; lastKnownFileType = sourcecode.c.h; path = CompanyActivityTableViewCell.h; sourceTree = "<group>"; };
		37064BAC1BF22B2A004D3CE6 /* CompanyActivityTableViewCell.m */ = {isa = PBXFileReference; fileEncoding = 4; lastKnownFileType = sourcecode.c.objc; path = CompanyActivityTableViewCell.m; sourceTree = "<group>"; };
		37064BAD1BF22B2A004D3CE6 /* CompanyActivityTableViewCell.xib */ = {isa = PBXFileReference; fileEncoding = 4; lastKnownFileType = file.xib; path = CompanyActivityTableViewCell.xib; sourceTree = "<group>"; };
		37116A411BEF420000A87D41 /* CompanyActivityView.h */ = {isa = PBXFileReference; fileEncoding = 4; lastKnownFileType = sourcecode.c.h; path = CompanyActivityView.h; sourceTree = "<group>"; };
		37116A421BEF420000A87D41 /* CompanyActivityView.m */ = {isa = PBXFileReference; fileEncoding = 4; lastKnownFileType = sourcecode.c.objc; path = CompanyActivityView.m; sourceTree = "<group>"; };
		37116A441BEF438400A87D41 /* CompanyActivityView.xib */ = {isa = PBXFileReference; fileEncoding = 4; lastKnownFileType = file.xib; path = CompanyActivityView.xib; sourceTree = "<group>"; };
		379BD2E21BE8F8DA00064192 /* CompanyViewController.h */ = {isa = PBXFileReference; fileEncoding = 4; lastKnownFileType = sourcecode.c.h; path = CompanyViewController.h; sourceTree = "<group>"; };
		379BD2E31BE8F8DA00064192 /* CompanyViewController.m */ = {isa = PBXFileReference; fileEncoding = 4; lastKnownFileType = sourcecode.c.objc; path = CompanyViewController.m; sourceTree = "<group>"; };
		8D750CFCC56E122A6EFA0A1B /* Pods.release.xcconfig */ = {isa = PBXFileReference; includeInIndex = 1; lastKnownFileType = text.xcconfig; name = Pods.release.xcconfig; path = "Pods/Target Support Files/Pods/Pods.release.xcconfig"; sourceTree = "<group>"; };
		BEB68366EE25D5FC5230A24C /* Pods.debug.xcconfig */ = {isa = PBXFileReference; includeInIndex = 1; lastKnownFileType = text.xcconfig; name = Pods.debug.xcconfig; path = "Pods/Target Support Files/Pods/Pods.debug.xcconfig"; sourceTree = "<group>"; };
		FDAF7660015B6C2465F28B87 /* libPods.a */ = {isa = PBXFileReference; explicitFileType = archive.ar; includeInIndex = 0; path = libPods.a; sourceTree = BUILT_PRODUCTS_DIR; };
/* End PBXFileReference section */

/* Begin PBXFrameworksBuildPhase section */
		04C4B8731BC64C17001E5ADC /* Frameworks */ = {
			isa = PBXFrameworksBuildPhase;
			buildActionMask = 2147483647;
			files = (
				5571792D93DE0B7656D98478 /* libPods.a in Frameworks */,
			);
			runOnlyForDeploymentPostprocessing = 0;
		};
		04C4B88F1BC64C17001E5ADC /* Frameworks */ = {
			isa = PBXFrameworksBuildPhase;
			buildActionMask = 2147483647;
			files = (
			);
			runOnlyForDeploymentPostprocessing = 0;
		};
/* End PBXFrameworksBuildPhase section */

/* Begin PBXGroup section */
		04C4B86D1BC64C17001E5ADC = {
			isa = PBXGroup;
			children = (
				04C4B8781BC64C17001E5ADC /* shexun */,
				04C4B8951BC64C17001E5ADC /* shexunTests */,
				04C4B8771BC64C17001E5ADC /* Products */,
				CA63B0C38DB635CAF7249621 /* Pods */,
				424D37E421C8ADB42F3E056D /* Frameworks */,
			);
			sourceTree = "<group>";
		};
		04C4B8771BC64C17001E5ADC /* Products */ = {
			isa = PBXGroup;
			children = (
				04C4B8761BC64C17001E5ADC /* shexun.app */,
				04C4B8921BC64C17001E5ADC /* shexunTests.xctest */,
			);
			name = Products;
			sourceTree = "<group>";
		};
		04C4B8781BC64C17001E5ADC /* shexun */ = {
			isa = PBXGroup;
			children = (
				379BD2E51BE8F8F000064192 /* Company */,
				04D8D0721BDA13C1006CF690 /* DOPDropDownMenu */,
				04D2E8F21BD4E90C00721EDD /* CTCheckbox */,
				04D2A7181BCCB19900E1BE12 /* Utils */,
				04C4B87D1BC64C17001E5ADC /* AppDelegate.h */,
				04C4B87E1BC64C17001E5ADC /* AppDelegate.m */,
				04C4B8801BC64C17001E5ADC /* FirstViewController.h */,
				04C4B8811BC64C17001E5ADC /* FirstViewController.m */,
				04C4B8831BC64C17001E5ADC /* SecondViewController.h */,
				04C4B8841BC64C17001E5ADC /* SecondViewController.m */,
				04CAD4971BCF9AFA00A7C1E4 /* RegistationViewController.h */,
				04CAD4981BCF9AFA00A7C1E4 /* RegistationViewController.m */,
				04D0E5BE1BD7345300C9F39E /* FogetPasswordViewController.h */,
				04D0E5BF1BD7345300C9F39E /* FogetPasswordViewController.m */,
				04CAD49A1BCFA0FD00A7C1E4 /* RegistrationForm.h */,
				04D0E5C11BD76A2900C9F39E /* ForgetPasswordForm.h */,
				04D0E5C21BD76A2900C9F39E /* ForgetPasswordForm.m */,
				04CAD49B1BCFA0FD00A7C1E4 /* RegistrationForm.m */,
				04C4B8A21BC653EB001E5ADC /* LoginViewController.h */,
				04C4B8A31BC653EB001E5ADC /* LoginViewController.m */,
				04C54F7C1BDE1BDD005933B5 /* NearViewController.h */,
				04C54F7D1BDE1BDD005933B5 /* NearViewController.m */,
				04C5798D1BE36AE100C02F53 /* CitylistViewController.h */,
				04C5798E1BE36AE100C02F53 /* CitylistViewController.m */,
				04C9CF401BEC6BD70095EA9B /* NewslistViewController.h */,
				04C9CF411BEC6BD70095EA9B /* NewslistViewController.m */,
				04C9CF461BEC91F20095EA9B /* CommunityViewController.h */,
				04C9CF471BEC91F20095EA9B /* CommunityViewController.m */,
				04884A911BD8DD2C00E0CB20 /* MoreSettingViewController.h */,
				04884A921BD8DD2C00E0CB20 /* MoreSettingViewController.m */,
				04E48D551BF1D06300F635DB /* CommonListViewController.h */,
				04E48D561BF1D06300F635DB /* CommonListViewController.m */,
				04C4B8861BC64C17001E5ADC /* Main.storyboard */,
				04C5FE651BE8988800588248 /* UIIndexCollectionCell.h */,
				04C5FE661BE8988800588248 /* UIIndexCollectionCell.m */,
				04D11B431BE0BE5100C22396 /* UICompanyTableCell.h */,
				04D11B441BE0BE5100C22396 /* UICompanyTableCell.m */,
				04C9CF431BEC7B2D0095EA9B /* UINewsTableViewCell.h */,
				04C9CF441BEC7B2D0095EA9B /* UINewsTableViewCell.m */,
				04D258451BE21855006631E3 /* UIIndexCollectionHeadView.h */,
				04D258461BE21855006631E3 /* UIIndexCollectionHeadView.m */,
				04D2A71C1BCCFB9B00E1BE12 /* RESideMenuViewController.h */,
				04D2A71D1BCCFB9B00E1BE12 /* RESideMenuViewController.m */,
				04D2A71F1BCCFDB700E1BE12 /* LeftMenuViewController.h */,
				04D2A7201BCCFDB700E1BE12 /* LeftMenuViewController.m */,
				04C5FE681BE8A97D00588248 /* NewsDetailViewController.h */,
				04C5FE691BE8A97D00588248 /* NewsDetailViewController.m */,
				04C4B8891BC64C17001E5ADC /* Images.xcassets */,
				04C4B88B1BC64C17001E5ADC /* LaunchScreen.xib */,
				04C4B8791BC64C17001E5ADC /* Supporting Files */,
				04D964B11BCB83380018935A /* ServerAPI.h */,
			);
			path = shexun;
			sourceTree = "<group>";
		};
		04C4B8791BC64C17001E5ADC /* Supporting Files */ = {
			isa = PBXGroup;
			children = (
				04C4B87A1BC64C17001E5ADC /* Info.plist */,
				04C4B87B1BC64C17001E5ADC /* main.m */,
				04D258501BE21E3A006631E3 /* Localizable.strings */,
			);
			name = "Supporting Files";
			sourceTree = "<group>";
		};
		04C4B8951BC64C17001E5ADC /* shexunTests */ = {
			isa = PBXGroup;
			children = (
				04C4B8981BC64C17001E5ADC /* shexunTests.m */,
				04C4B8961BC64C17001E5ADC /* Supporting Files */,
			);
			path = shexunTests;
			sourceTree = "<group>";
		};
		04C4B8961BC64C17001E5ADC /* Supporting Files */ = {
			isa = PBXGroup;
			children = (
				04C4B8971BC64C17001E5ADC /* Info.plist */,
			);
			name = "Supporting Files";
			sourceTree = "<group>";
		};
		04D2A7181BCCB19900E1BE12 /* Utils */ = {
			isa = PBXGroup;
			children = (
				04CAD4941BCF99FC00A7C1E4 /* FXForms.h */,
				04CAD4951BCF99FC00A7C1E4 /* FXForms.m */,
				04D2A7191BCCB1EE00E1BE12 /* AFUtil.h */,
				04D2A71A1BCCB1EE00E1BE12 /* AFUtil.m */,
				04C579891BE360CE00C02F53 /* Pinyin.h */,
			);
			name = Utils;
			sourceTree = "<group>";
		};
		04D2E8F21BD4E90C00721EDD /* CTCheckbox */ = {
			isa = PBXGroup;
			children = (
				04D2E8F31BD4E90C00721EDD /* CTCheckbox-Prefix.pch */,
				04D2E8F41BD4E90C00721EDD /* CTCheckbox.h */,
				04D2E8F51BD4E90C00721EDD /* CTCheckbox.m */,
			);
			path = CTCheckbox;
			sourceTree = "<group>";
		};
		04D8D0721BDA13C1006CF690 /* DOPDropDownMenu */ = {
			isa = PBXGroup;
			children = (
				04D8D0731BDA13C1006CF690 /* DOPDropDownMenu.h */,
				04D8D0741BDA13C1006CF690 /* DOPDropDownMenu.m */,
			);
			path = DOPDropDownMenu;
			sourceTree = "<group>";
		};
		379BD2E51BE8F8F000064192 /* Company */ = {
			isa = PBXGroup;
			children = (
				04C6B5ED1BF0986200C63C34 /* HTKDynamicResizingCellProtocol.h */,
				04C6B5EE1BF0986200C63C34 /* HTKDynamicResizingTableViewCell.h */,
				04C6B5EF1BF0986200C63C34 /* HTKDynamicResizingTableViewCell.m */,
				04C6B5EA1BF0984C00C63C34 /* HTKSampleTableViewCell.h */,
				04C6B5EB1BF0984C00C63C34 /* HTKSampleTableViewCell.m */,
				37116A411BEF420000A87D41 /* CompanyActivityView.h */,
				37116A421BEF420000A87D41 /* CompanyActivityView.m */,
				37116A441BEF438400A87D41 /* CompanyActivityView.xib */,
				379BD2E21BE8F8DA00064192 /* CompanyViewController.h */,
				379BD2E31BE8F8DA00064192 /* CompanyViewController.m */,
				04C9CF491BEC95B50095EA9B /* CompanyCardView.h */,
				04C9CF4A1BEC95B50095EA9B /* CompanyCardView.m */,
				04C9CF4C1BEC95F30095EA9B /* CompanyCardView.xib */,
				04C584A11BE9AED600C9549A /* CompanyServiceCell.h */,
				04C584A21BE9AED600C9549A /* CompanyServiceCell.m */,
				37064BAB1BF22B2A004D3CE6 /* CompanyActivityTableViewCell.h */,
				37064BAC1BF22B2A004D3CE6 /* CompanyActivityTableViewCell.m */,
				37064BAD1BF22B2A004D3CE6 /* CompanyActivityTableViewCell.xib */,
			);
			name = Company;
			sourceTree = "<group>";
		};
		424D37E421C8ADB42F3E056D /* Frameworks */ = {
			isa = PBXGroup;
			children = (
				FDAF7660015B6C2465F28B87 /* libPods.a */,
			);
			name = Frameworks;
			sourceTree = "<group>";
		};
		CA63B0C38DB635CAF7249621 /* Pods */ = {
			isa = PBXGroup;
			children = (
				BEB68366EE25D5FC5230A24C /* Pods.debug.xcconfig */,
				8D750CFCC56E122A6EFA0A1B /* Pods.release.xcconfig */,
			);
			name = Pods;
			sourceTree = "<group>";
		};
/* End PBXGroup section */

/* Begin PBXNativeTarget section */
		04C4B8751BC64C17001E5ADC /* shexun */ = {
			isa = PBXNativeTarget;
			buildConfigurationList = 04C4B89C1BC64C17001E5ADC /* Build configuration list for PBXNativeTarget "shexun" */;
			buildPhases = (
				E7AA5367488B15B02EE4E568 /* Check Pods Manifest.lock */,
				04C4B8721BC64C17001E5ADC /* Sources */,
				04C4B8731BC64C17001E5ADC /* Frameworks */,
				04C4B8741BC64C17001E5ADC /* Resources */,
				19005A77F1EA711CF7565F2A /* Embed Pods Frameworks */,
				68777EC966885310EDCADD89 /* Copy Pods Resources */,
			);
			buildRules = (
			);
			dependencies = (
			);
			name = shexun;
			productName = shexun;
			productReference = 04C4B8761BC64C17001E5ADC /* shexun.app */;
			productType = "com.apple.product-type.application";
		};
		04C4B8911BC64C17001E5ADC /* shexunTests */ = {
			isa = PBXNativeTarget;
			buildConfigurationList = 04C4B89F1BC64C17001E5ADC /* Build configuration list for PBXNativeTarget "shexunTests" */;
			buildPhases = (
				04C4B88E1BC64C17001E5ADC /* Sources */,
				04C4B88F1BC64C17001E5ADC /* Frameworks */,
				04C4B8901BC64C17001E5ADC /* Resources */,
			);
			buildRules = (
			);
			dependencies = (
				04C4B8941BC64C17001E5ADC /* PBXTargetDependency */,
			);
			name = shexunTests;
			productName = shexunTests;
			productReference = 04C4B8921BC64C17001E5ADC /* shexunTests.xctest */;
			productType = "com.apple.product-type.bundle.unit-test";
		};
/* End PBXNativeTarget section */

/* Begin PBXProject section */
		04C4B86E1BC64C17001E5ADC /* Project object */ = {
			isa = PBXProject;
			attributes = {
				LastUpgradeCheck = 0610;
				ORGANIZATIONNAME = mac;
				TargetAttributes = {
					04C4B8751BC64C17001E5ADC = {
						CreatedOnToolsVersion = 6.1.1;
						DevelopmentTeam = 6BCD88F47Y;
					};
					04C4B8911BC64C17001E5ADC = {
						CreatedOnToolsVersion = 6.1.1;
						TestTargetID = 04C4B8751BC64C17001E5ADC;
					};
				};
			};
			buildConfigurationList = 04C4B8711BC64C17001E5ADC /* Build configuration list for PBXProject "shexun" */;
			compatibilityVersion = "Xcode 3.2";
			developmentRegion = English;
			hasScannedForEncodings = 0;
			knownRegions = (
				en,
				Base,
			);
			mainGroup = 04C4B86D1BC64C17001E5ADC;
			productRefGroup = 04C4B8771BC64C17001E5ADC /* Products */;
			projectDirPath = "";
			projectRoot = "";
			targets = (
				04C4B8751BC64C17001E5ADC /* shexun */,
				04C4B8911BC64C17001E5ADC /* shexunTests */,
			);
		};
/* End PBXProject section */

/* Begin PBXResourcesBuildPhase section */
		04C4B8741BC64C17001E5ADC /* Resources */ = {
			isa = PBXResourcesBuildPhase;
			buildActionMask = 2147483647;
			files = (
				04C4B8881BC64C17001E5ADC /* Main.storyboard in Resources */,
				04D2584E1BE21E3A006631E3 /* Localizable.strings in Resources */,
				04C4B88D1BC64C17001E5ADC /* LaunchScreen.xib in Resources */,
				37116A451BEF438400A87D41 /* CompanyActivityView.xib in Resources */,
				37064BAF1BF22B2A004D3CE6 /* CompanyActivityTableViewCell.xib in Resources */,
				04C4B88A1BC64C17001E5ADC /* Images.xcassets in Resources */,
				04C9CF4D1BEC95F30095EA9B /* CompanyCardView.xib in Resources */,
			);
			runOnlyForDeploymentPostprocessing = 0;
		};
		04C4B8901BC64C17001E5ADC /* Resources */ = {
			isa = PBXResourcesBuildPhase;
			buildActionMask = 2147483647;
			files = (
			);
			runOnlyForDeploymentPostprocessing = 0;
		};
/* End PBXResourcesBuildPhase section */

/* Begin PBXShellScriptBuildPhase section */
		19005A77F1EA711CF7565F2A /* Embed Pods Frameworks */ = {
			isa = PBXShellScriptBuildPhase;
			buildActionMask = 2147483647;
			files = (
			);
			inputPaths = (
			);
			name = "Embed Pods Frameworks";
			outputPaths = (
			);
			runOnlyForDeploymentPostprocessing = 0;
			shellPath = /bin/sh;
			shellScript = "\"${SRCROOT}/Pods/Target Support Files/Pods/Pods-frameworks.sh\"\n";
			showEnvVarsInLog = 0;
		};
		68777EC966885310EDCADD89 /* Copy Pods Resources */ = {
			isa = PBXShellScriptBuildPhase;
			buildActionMask = 2147483647;
			files = (
			);
			inputPaths = (
			);
			name = "Copy Pods Resources";
			outputPaths = (
			);
			runOnlyForDeploymentPostprocessing = 0;
			shellPath = /bin/sh;
			shellScript = "\"${SRCROOT}/Pods/Target Support Files/Pods/Pods-resources.sh\"\n";
			showEnvVarsInLog = 0;
		};
		E7AA5367488B15B02EE4E568 /* Check Pods Manifest.lock */ = {
			isa = PBXShellScriptBuildPhase;
			buildActionMask = 2147483647;
			files = (
			);
			inputPaths = (
			);
			name = "Check Pods Manifest.lock";
			outputPaths = (
			);
			runOnlyForDeploymentPostprocessing = 0;
			shellPath = /bin/sh;
			shellScript = "diff \"${PODS_ROOT}/../Podfile.lock\" \"${PODS_ROOT}/Manifest.lock\" > /dev/null\nif [[ $? != 0 ]] ; then\n    cat << EOM\nerror: The sandbox is not in sync with the Podfile.lock. Run 'pod install' or update your CocoaPods installation.\nEOM\n    exit 1\nfi\n";
			showEnvVarsInLog = 0;
		};
/* End PBXShellScriptBuildPhase section */

/* Begin PBXSourcesBuildPhase section */
		04C4B8721BC64C17001E5ADC /* Sources */ = {
			isa = PBXSourcesBuildPhase;
			buildActionMask = 2147483647;
			files = (
				379BD2E41BE8F8DA00064192 /* CompanyViewController.m in Sources */,
				04C4B8851BC64C17001E5ADC /* SecondViewController.m in Sources */,
				04CAD4961BCF99FC00A7C1E4 /* FXForms.m in Sources */,
				04D2A71E1BCCFB9B00E1BE12 /* RESideMenuViewController.m in Sources */,
				04D0E5C01BD7345300C9F39E /* FogetPasswordViewController.m in Sources */,
				04D2A7211BCCFDB700E1BE12 /* LeftMenuViewController.m in Sources */,
				04D8D0751BDA13C1006CF690 /* DOPDropDownMenu.m in Sources */,
				04CAD49C1BCFA0FD00A7C1E4 /* RegistrationForm.m in Sources */,
				04C5798F1BE36AE100C02F53 /* CitylistViewController.m in Sources */,
				04C54F7E1BDE1BDD005933B5 /* NearViewController.m in Sources */,
				04CAD4991BCF9AFA00A7C1E4 /* RegistationViewController.m in Sources */,
				04C9CF481BEC91F20095EA9B /* CommunityViewController.m in Sources */,
				04D258471BE21855006631E3 /* UIIndexCollectionHeadView.m in Sources */,
				04C4B87F1BC64C17001E5ADC /* AppDelegate.m in Sources */,
				04C5FE6A1BE8A97D00588248 /* NewsDetailViewController.m in Sources */,
				37116A431BEF420000A87D41 /* CompanyActivityView.m in Sources */,
				04D2A71B1BCCB1EE00E1BE12 /* AFUtil.m in Sources */,
				04C9CF451BEC7B2D0095EA9B /* UINewsTableViewCell.m in Sources */,
				04884A931BD8DD2C00E0CB20 /* MoreSettingViewController.m in Sources */,
				04D11B451BE0BE5200C22396 /* UICompanyTableCell.m in Sources */,
				37064BAE1BF22B2A004D3CE6 /* CompanyActivityTableViewCell.m in Sources */,
				04C584A41BE9AED600C9549A /* CompanyServiceCell.m in Sources */,
				04C4B8821BC64C17001E5ADC /* FirstViewController.m in Sources */,
				04D2E8F61BD4E90C00721EDD /* CTCheckbox.m in Sources */,
				04C6B5F01BF0986200C63C34 /* HTKDynamicResizingTableViewCell.m in Sources */,
				04C4B87C1BC64C17001E5ADC /* main.m in Sources */,
				04E48D571BF1D06300F635DB /* CommonListViewController.m in Sources */,
				04C5FE671BE8988800588248 /* UIIndexCollectionCell.m in Sources */,
				04C6B5EC1BF0984C00C63C34 /* HTKSampleTableViewCell.m in Sources */,
				04C9CF4B1BEC95B50095EA9B /* CompanyCardView.m in Sources */,
				04C4B8A41BC653EB001E5ADC /* LoginViewController.m in Sources */,
				04D0E5C31BD76A2900C9F39E /* ForgetPasswordForm.m in Sources */,
				04C9CF421BEC6BD70095EA9B /* NewslistViewController.m in Sources */,
			);
			runOnlyForDeploymentPostprocessing = 0;
		};
		04C4B88E1BC64C17001E5ADC /* Sources */ = {
			isa = PBXSourcesBuildPhase;
			buildActionMask = 2147483647;
			files = (
				04C4B8991BC64C17001E5ADC /* shexunTests.m in Sources */,
			);
			runOnlyForDeploymentPostprocessing = 0;
		};
/* End PBXSourcesBuildPhase section */

/* Begin PBXTargetDependency section */
		04C4B8941BC64C17001E5ADC /* PBXTargetDependency */ = {
			isa = PBXTargetDependency;
			target = 04C4B8751BC64C17001E5ADC /* shexun */;
			targetProxy = 04C4B8931BC64C17001E5ADC /* PBXContainerItemProxy */;
		};
/* End PBXTargetDependency section */

/* Begin PBXVariantGroup section */
		04C4B8861BC64C17001E5ADC /* Main.storyboard */ = {
			isa = PBXVariantGroup;
			children = (
				04C4B8871BC64C17001E5ADC /* Base */,
				04D258491BE21C73006631E3 /* en */,
			);
			name = Main.storyboard;
			sourceTree = "<group>";
		};
		04C4B88B1BC64C17001E5ADC /* LaunchScreen.xib */ = {
			isa = PBXVariantGroup;
			children = (
				04C4B88C1BC64C17001E5ADC /* Base */,
			);
			name = LaunchScreen.xib;
			sourceTree = "<group>";
		};
		04D258501BE21E3A006631E3 /* Localizable.strings */ = {
			isa = PBXVariantGroup;
			children = (
				04D2584F1BE21E3A006631E3 /* Base */,
			);
			name = Localizable.strings;
			sourceTree = "<group>";
		};
/* End PBXVariantGroup section */

/* Begin XCBuildConfiguration section */
		04C4B89A1BC64C17001E5ADC /* Debug */ = {
			isa = XCBuildConfiguration;
			buildSettings = {
				ALWAYS_SEARCH_USER_PATHS = NO;
				CLANG_CXX_LANGUAGE_STANDARD = "gnu++0x";
				CLANG_CXX_LIBRARY = "libc++";
				CLANG_ENABLE_MODULES = YES;
				CLANG_ENABLE_OBJC_ARC = YES;
				CLANG_WARN_BOOL_CONVERSION = YES;
				CLANG_WARN_CONSTANT_CONVERSION = YES;
				CLANG_WARN_DIRECT_OBJC_ISA_USAGE = YES_ERROR;
				CLANG_WARN_EMPTY_BODY = YES;
				CLANG_WARN_ENUM_CONVERSION = YES;
				CLANG_WARN_INT_CONVERSION = YES;
				CLANG_WARN_OBJC_ROOT_CLASS = YES_ERROR;
				CLANG_WARN_UNREACHABLE_CODE = YES;
				CLANG_WARN__DUPLICATE_METHOD_MATCH = YES;
				CODE_SIGN_IDENTITY = "Apple Development IOS Push Services: com.WSLH.WSLHMobile.shexun";
				"CODE_SIGN_IDENTITY[sdk=iphoneos*]" = "iPhone Developer";
				COPY_PHASE_STRIP = NO;
				ENABLE_STRICT_OBJC_MSGSEND = YES;
				GCC_C_LANGUAGE_STANDARD = gnu99;
				GCC_DYNAMIC_NO_PIC = NO;
				GCC_OPTIMIZATION_LEVEL = 0;
				GCC_PREPROCESSOR_DEFINITIONS = (
					"DEBUG=1",
					"$(inherited)",
				);
				GCC_SYMBOLS_PRIVATE_EXTERN = NO;
				GCC_WARN_64_TO_32_BIT_CONVERSION = YES;
				GCC_WARN_ABOUT_RETURN_TYPE = YES_ERROR;
				GCC_WARN_UNDECLARED_SELECTOR = YES;
				GCC_WARN_UNINITIALIZED_AUTOS = YES_AGGRESSIVE;
				GCC_WARN_UNUSED_FUNCTION = YES;
				GCC_WARN_UNUSED_VARIABLE = YES;
				IPHONEOS_DEPLOYMENT_TARGET = 6.0;
				MTL_ENABLE_DEBUG_INFO = YES;
				ONLY_ACTIVE_ARCH = NO;
				SDKROOT = iphoneos;
				TARGETED_DEVICE_FAMILY = "1,2";
			};
			name = Debug;
		};
		04C4B89B1BC64C17001E5ADC /* Release */ = {
			isa = XCBuildConfiguration;
			buildSettings = {
				ALWAYS_SEARCH_USER_PATHS = NO;
				CLANG_CXX_LANGUAGE_STANDARD = "gnu++0x";
				CLANG_CXX_LIBRARY = "libc++";
				CLANG_ENABLE_MODULES = YES;
				CLANG_ENABLE_OBJC_ARC = YES;
				CLANG_WARN_BOOL_CONVERSION = YES;
				CLANG_WARN_CONSTANT_CONVERSION = YES;
				CLANG_WARN_DIRECT_OBJC_ISA_USAGE = YES_ERROR;
				CLANG_WARN_EMPTY_BODY = YES;
				CLANG_WARN_ENUM_CONVERSION = YES;
				CLANG_WARN_INT_CONVERSION = YES;
				CLANG_WARN_OBJC_ROOT_CLASS = YES_ERROR;
				CLANG_WARN_UNREACHABLE_CODE = YES;
				CLANG_WARN__DUPLICATE_METHOD_MATCH = YES;
				CODE_SIGN_IDENTITY = "Apple Production IOS Push Services: com.WSLH.WSLHMobile.shexun";
				"CODE_SIGN_IDENTITY[sdk=iphoneos*]" = "iPhone Developer";
				COPY_PHASE_STRIP = YES;
				ENABLE_NS_ASSERTIONS = NO;
				ENABLE_STRICT_OBJC_MSGSEND = YES;
				GCC_C_LANGUAGE_STANDARD = gnu99;
				GCC_WARN_64_TO_32_BIT_CONVERSION = YES;
				GCC_WARN_ABOUT_RETURN_TYPE = YES_ERROR;
				GCC_WARN_UNDECLARED_SELECTOR = YES;
				GCC_WARN_UNINITIALIZED_AUTOS = YES_AGGRESSIVE;
				GCC_WARN_UNUSED_FUNCTION = YES;
				GCC_WARN_UNUSED_VARIABLE = YES;
				IPHONEOS_DEPLOYMENT_TARGET = 6.0;
				MTL_ENABLE_DEBUG_INFO = NO;
				SDKROOT = iphoneos;
				TARGETED_DEVICE_FAMILY = "1,2";
				VALIDATE_PRODUCT = YES;
			};
			name = Release;
		};
		04C4B89D1BC64C17001E5ADC /* Debug */ = {
			isa = XCBuildConfiguration;
			baseConfigurationReference = BEB68366EE25D5FC5230A24C /* Pods.debug.xcconfig */;
			buildSettings = {
				ASSETCATALOG_COMPILER_APPICON_NAME = AppIcon;
				CODE_SIGN_IDENTITY = "iPhone Developer";
				"CODE_SIGN_IDENTITY[sdk=iphoneos*]" = "iPhone Developer";
				INFOPLIST_FILE = shexun/Info.plist;
				IPHONEOS_DEPLOYMENT_TARGET = 6.0;
				LD_RUNPATH_SEARCH_PATHS = "$(inherited) @executable_path/Frameworks";
				PRODUCT_NAME = "$(TARGET_NAME)";
				PROVISIONING_PROFILE = "";
				TARGETED_DEVICE_FAMILY = 1;
			};
			name = Debug;
		};
		04C4B89E1BC64C17001E5ADC /* Release */ = {
			isa = XCBuildConfiguration;
			baseConfigurationReference = 8D750CFCC56E122A6EFA0A1B /* Pods.release.xcconfig */;
			buildSettings = {
				ASSETCATALOG_COMPILER_APPICON_NAME = AppIcon;
				CODE_SIGN_IDENTITY = "iPhone Developer";
				"CODE_SIGN_IDENTITY[sdk=iphoneos*]" = "iPhone Developer";
				INFOPLIST_FILE = shexun/Info.plist;
				IPHONEOS_DEPLOYMENT_TARGET = 6.0;
				LD_RUNPATH_SEARCH_PATHS = "$(inherited) @executable_path/Frameworks";
				PRODUCT_NAME = "$(TARGET_NAME)";
				PROVISIONING_PROFILE = "";
				TARGETED_DEVICE_FAMILY = 1;
			};
			name = Release;
		};
		04C4B8A01BC64C17001E5ADC /* Debug */ = {
			isa = XCBuildConfiguration;
			buildSettings = {
				BUNDLE_LOADER = "$(TEST_HOST)";
				FRAMEWORK_SEARCH_PATHS = (
					"$(SDKROOT)/Developer/Library/Frameworks",
					"$(inherited)",
				);
				GCC_PREPROCESSOR_DEFINITIONS = (
					"DEBUG=1",
					"$(inherited)",
				);
				INFOPLIST_FILE = shexunTests/Info.plist;
				LD_RUNPATH_SEARCH_PATHS = "$(inherited) @executable_path/Frameworks @loader_path/Frameworks";
				PRODUCT_NAME = "$(TARGET_NAME)";
				TEST_HOST = "$(BUILT_PRODUCTS_DIR)/shexun.app/shexun";
			};
			name = Debug;
		};
		04C4B8A11BC64C17001E5ADC /* Release */ = {
			isa = XCBuildConfiguration;
			buildSettings = {
				BUNDLE_LOADER = "$(TEST_HOST)";
				FRAMEWORK_SEARCH_PATHS = (
					"$(SDKROOT)/Developer/Library/Frameworks",
					"$(inherited)",
				);
				INFOPLIST_FILE = shexunTests/Info.plist;
				LD_RUNPATH_SEARCH_PATHS = "$(inherited) @executable_path/Frameworks @loader_path/Frameworks";
				PRODUCT_NAME = "$(TARGET_NAME)";
				TEST_HOST = "$(BUILT_PRODUCTS_DIR)/shexun.app/shexun";
			};
			name = Release;
		};
/* End XCBuildConfiguration section */

/* Begin XCConfigurationList section */
		04C4B8711BC64C17001E5ADC /* Build configuration list for PBXProject "shexun" */ = {
			isa = XCConfigurationList;
			buildConfigurations = (
				04C4B89A1BC64C17001E5ADC /* Debug */,
				04C4B89B1BC64C17001E5ADC /* Release */,
			);
			defaultConfigurationIsVisible = 0;
			defaultConfigurationName = Release;
		};
		04C4B89C1BC64C17001E5ADC /* Build configuration list for PBXNativeTarget "shexun" */ = {
			isa = XCConfigurationList;
			buildConfigurations = (
				04C4B89D1BC64C17001E5ADC /* Debug */,
				04C4B89E1BC64C17001E5ADC /* Release */,
			);
			defaultConfigurationIsVisible = 0;
			defaultConfigurationName = Release;
		};
		04C4B89F1BC64C17001E5ADC /* Build configuration list for PBXNativeTarget "shexunTests" */ = {
			isa = XCConfigurationList;
			buildConfigurations = (
				04C4B8A01BC64C17001E5ADC /* Debug */,
				04C4B8A11BC64C17001E5ADC /* Release */,
			);
			defaultConfigurationIsVisible = 0;
			defaultConfigurationName = Release;
		};
/* End XCConfigurationList section */
	};
	rootObject = 04C4B86E1BC64C17001E5ADC /* Project object */;
}
